Microsoft Visual Studio Solution File, Format Version 12.00
# Visual Studio Version 17
Project("{9A19103F-16F7-4668-BE54-9A1E7A4F7556}") = "RevitMCP.Protocol", "src\RevitMCP.Protocol\RevitMCP.Protocol.csproj", "{FDD4EB7B-AE98-445F-9B8E-1CBF34777992}"
EndProject
Project("{9A19103F-16F7-4668-BE54-9A1E7A4F7556}") = "RevitMCP.Transport", "src\RevitMCP.Transport\RevitMCP.Transport.csproj", "{4F129B96-5BF5-4FE1-B950-5CF48BBD2C7E}"
EndProject
Project("{9A19103F-16F7-4668-BE54-9A1E7A4F7556}") = "RevitMCP.Tooling", "src\RevitMCP.Tooling\RevitMCP.Tooling.csproj", "{3E1FB02A-2C47-41AC-913E-3AC6AA0B8E66}"
EndProject
Project("{9A19103F-16F7-4668-BE54-9A1E7A4F7556}") = "RevitMCP.Addin", "src\RevitMCP.Addin\RevitMCP.Addin.csproj", "{853F2BE5-9F09-4347-99BA-2C3A906C65F2}"
EndProject
Project("{9A19103F-16F7-4668-BE54-9A1E7A4F7556}") = "RevitMCP.Protocol.Tests", "tests\RevitMCP.Protocol.Tests\RevitMCP.Protocol.Tests.csproj", "{D57EC560-47E9-4C8D-B0E6-9EBB99664BEB}"
EndProject
Project("{9A19103F-16F7-4668-BE54-9A1E7A4F7556}") = "RevitMCP.Server.Tests", "tests\RevitMCP.Server.Tests\RevitMCP.Server.Tests.csproj", "{4D71565B-1F06-4238-9CD3-F3DCBFAFCA8A}"
EndProject
Project("{9A19103F-16F7-4668-BE54-9A1E7A4F7556}") = "RevitMCP.Tooling.Tests", "tests\RevitMCP.Tooling.Tests\RevitMCP.Tooling.Tests.csproj", "{43AB71FE-ABFE-4135-8915-DB9DFDB52961}"
EndProject
Global
	GlobalSection(SolutionConfigurationPlatforms) = preSolution
		Debug R19|Any CPU = Debug R19|Any CPU
		Debug R20|Any CPU = Debug R20|Any CPU
		Debug R21|Any CPU = Debug R21|Any CPU
		Debug R22|Any CPU = Debug R22|Any CPU
		Debug R23|Any CPU = Debug R23|Any CPU
		Debug R24|Any CPU = Debug R24|Any CPU
		Release R19|Any CPU = Release R19|Any CPU
		Release R20|Any CPU = Release R20|Any CPU
		Release R21|Any CPU = Release R21|Any CPU
		Release R22|Any CPU = Release R22|Any CPU
		Release R23|Any CPU = Release R23|Any CPU
		Release R24|Any CPU = Release R24|Any CPU
	EndGlobalSection
	GlobalSection(ProjectConfigurationPlatforms) = postSolution
		{FDD4EB7B-AE98-445F-9B8E-1CBF34777992}.Debug R19|Any CPU.ActiveCfg = Debug R19|Any CPU
		{FDD4EB7B-AE98-445F-9B8E-1CBF34777992}.Debug R19|Any CPU.Build.0 = Debug R19|Any CPU
		{FDD4EB7B-AE98-445F-9B8E-1CBF34777992}.Debug R20|Any CPU.ActiveCfg = Debug R20|Any CPU
		{FDD4EB7B-AE98-445F-9B8E-1CBF34777992}.Debug R20|Any CPU.Build.0 = Debug R20|Any CPU
		{FDD4EB7B-AE98-445F-9B8E-1CBF34777992}.Debug R21|Any CPU.ActiveCfg = Debug R21|Any CPU
		{FDD4EB7B-AE98-445F-9B8E-1CBF34777992}.Debug R21|Any CPU.Build.0 = Debug R21|Any CPU
		{FDD4EB7B-AE98-445F-9B8E-1CBF34777992}.Debug R22|Any CPU.ActiveCfg = Debug R22|Any CPU
		{FDD4EB7B-AE98-445F-9B8E-1CBF34777992}.Debug R22|Any CPU.Build.0 = Debug R22|Any CPU
		{FDD4EB7B-AE98-445F-9B8E-1CBF34777992}.Debug R23|Any CPU.ActiveCfg = Debug R23|Any CPU
		{FDD4EB7B-AE98-445F-9B8E-1CBF34777992}.Debug R23|Any CPU.Build.0 = Debug R23|Any CPU
		{FDD4EB7B-AE98-445F-9B8E-1CBF34777992}.Debug R24|Any CPU.ActiveCfg = Debug R24|Any CPU
		{FDD4EB7B-AE98-445F-9B8E-1CBF34777992}.Debug R24|Any CPU.Build.0 = Debug R24|Any CPU
		{FDD4EB7B-AE98-445F-9B8E-1CBF34777992}.Release R19|Any CPU.ActiveCfg = Release R19|Any CPU
		{FDD4EB7B-AE98-445F-9B8E-1CBF34777992}.Release R19|Any CPU.Build.0 = Release R19|Any CPU
		{FDD4EB7B-AE98-445F-9B8E-1CBF34777992}.Release R20|Any CPU.ActiveCfg = Release R20|Any CPU
		{FDD4EB7B-AE98-445F-9B8E-1CBF34777992}.Release R20|Any CPU.Build.0 = Release R20|Any CPU
		{FDD4EB7B-AE98-445F-9B8E-1CBF34777992}.Release R21|Any CPU.ActiveCfg = Release R21|Any CPU
		{FDD4EB7B-AE98-445F-9B8E-1CBF34777992}.Release R21|Any CPU.Build.0 = Release R21|Any CPU
		{FDD4EB7B-AE98-445F-9B8E-1CBF34777992}.Release R22|Any CPU.ActiveCfg = Release R22|Any CPU
		{FDD4EB7B-AE98-445F-9B8E-1CBF34777992}.Release R22|Any CPU.Build.0 = Release R22|Any CPU
		{FDD4EB7B-AE98-445F-9B8E-1CBF34777992}.Release R23|Any CPU.ActiveCfg = Release R23|Any CPU
		{FDD4EB7B-AE98-445F-9B8E-1CBF34777992}.Release R23|Any CPU.Build.0 = Release R23|Any CPU
		{FDD4EB7B-AE98-445F-9B8E-1CBF34777992}.Release R24|Any CPU.ActiveCfg = Release R24|Any CPU
		{FDD4EB7B-AE98-445F-9B8E-1CBF34777992}.Release R24|Any CPU.Build.0 = Release R24|Any CPU
		{4F129B96-5BF5-4FE1-B950-5CF48BBD2C7E}.Debug R19|Any CPU.ActiveCfg = Debug R19|Any CPU
		{4F129B96-5BF5-4FE1-B950-5CF48BBD2C7E}.Debug R19|Any CPU.Build.0 = Debug R19|Any CPU
		{4F129B96-5BF5-4FE1-B950-5CF48BBD2C7E}.Debug R20|Any CPU.ActiveCfg = Debug R20|Any CPU
		{4F129B96-5BF5-4FE1-B950-5CF48BBD2C7E}.Debug R20|Any CPU.Build.0 = Debug R20|Any CPU
		{4F129B96-5BF5-4FE1-B950-5CF48BBD2C7E}.Debug R21|Any CPU.ActiveCfg = Debug R21|Any CPU
		{4F129B96-5BF5-4FE1-B950-5CF48BBD2C7E}.Debug R21|Any CPU.Build.0 = Debug R21|Any CPU
		{4F129B96-5BF5-4FE1-B950-5CF48BBD2C7E}.Debug R22|Any CPU.ActiveCfg = Debug R22|Any CPU
		{4F129B96-5BF5-4FE1-B950-5CF48BBD2C7E}.Debug R22|Any CPU.Build.0 = Debug R22|Any CPU
		{4F129B96-5BF5-4FE1-B950-5CF48BBD2C7E}.Debug R23|Any CPU.ActiveCfg = Debug R23|Any CPU
		{4F129B96-5BF5-4FE1-B950-5CF48BBD2C7E}.Debug R23|Any CPU.Build.0 = Debug R23|Any CPU
		{4F129B96-5BF5-4FE1-B950-5CF48BBD2C7E}.Debug R24|Any CPU.ActiveCfg = Debug R24|Any CPU
		{4F129B96-5BF5-4FE1-B950-5CF48BBD2C7E}.Debug R24|Any CPU.Build.0 = Debug R24|Any CPU
		{4F129B96-5BF5-4FE1-B950-5CF48BBD2C7E}.Release R19|Any CPU.ActiveCfg = Release R19|Any CPU
		{4F129B96-5BF5-4FE1-B950-5CF48BBD2C7E}.Release R19|Any CPU.Build.0 = Release R19|Any CPU
		{4F129B96-5BF5-4FE1-B950-5CF48BBD2C7E}.Release R20|Any CPU.ActiveCfg = Release R20|Any CPU
		{4F129B96-5BF5-4FE1-B950-5CF48BBD2C7E}.Release R20|Any CPU.Build.0 = Release R20|Any CPU
		{4F129B96-5BF5-4FE1-B950-5CF48BBD2C7E}.Release R21|Any CPU.ActiveCfg = Release R21|Any CPU
		{4F129B96-5BF5-4FE1-B950-5CF48BBD2C7E}.Release R21|Any CPU.Build.0 = Release R21|Any CPU
		{4F129B96-5BF5-4FE1-B950-5CF48BBD2C7E}.Release R22|Any CPU.ActiveCfg = Release R22|Any CPU
		{4F129B96-5BF5-4FE1-B950-5CF48BBD2C7E}.Release R22|Any CPU.Build.0 = Release R22|Any CPU
		{4F129B96-5BF5-4FE1-B950-5CF48BBD2C7E}.Release R23|Any CPU.ActiveCfg = Release R23|Any CPU
		{4F129B96-5BF5-4FE1-B950-5CF48BBD2C7E}.Release R23|Any CPU.Build.0 = Release R23|Any CPU
		{4F129B96-5BF5-4FE1-B950-5CF48BBD2C7E}.Release R24|Any CPU.ActiveCfg = Release R24|Any CPU
		{4F129B96-5BF5-4FE1-B950-5CF48BBD2C7E}.Release R24|Any CPU.Build.0 = Release R24|Any CPU
		{3E1FB02A-2C47-41AC-913E-3AC6AA0B8E66}.Debug R19|Any CPU.ActiveCfg = Debug R19|Any CPU
		{3E1FB02A-2C47-41AC-913E-3AC6AA0B8E66}.Debug R19|Any CPU.Build.0 = Debug R19|Any CPU
		{3E1FB02A-2C47-41AC-913E-3AC6AA0B8E66}.Debug R20|Any CPU.ActiveCfg = Debug R20|Any CPU
		{3E1FB02A-2C47-41AC-913E-3AC6AA0B8E66}.Debug R20|Any CPU.Build.0 = Debug R20|Any CPU
		{3E1FB02A-2C47-41AC-913E-3AC6AA0B8E66}.Debug R21|Any CPU.ActiveCfg = Debug R21|Any CPU
		{3E1FB02A-2C47-41AC-913E-3AC6AA0B8E66}.Debug R21|Any CPU.Build.0 = Debug R21|Any CPU
		{3E1FB02A-2C47-41AC-913E-3AC6AA0B8E66}.Debug R22|Any CPU.ActiveCfg = Debug R22|Any CPU
		{3E1FB02A-2C47-41AC-913E-3AC6AA0B8E66}.Debug R22|Any CPU.Build.0 = Debug R22|Any CPU
		{3E1FB02A-2C47-41AC-913E-3AC6AA0B8E66}.Debug R23|Any CPU.ActiveCfg = Debug R23|Any CPU
		{3E1FB02A-2C47-41AC-913E-3AC6AA0B8E66}.Debug R23|Any CPU.Build.0 = Debug R23|Any CPU
		{3E1FB02A-2C47-41AC-913E-3AC6AA0B8E66}.Debug R24|Any CPU.ActiveCfg = Debug R24|Any CPU
		{3E1FB02A-2C47-41AC-913E-3AC6AA0B8E66}.Debug R24|Any CPU.Build.0 = Debug R24|Any CPU
		{3E1FB02A-2C47-41AC-913E-3AC6AA0B8E66}.Release R19|Any CPU.ActiveCfg = Release R19|Any CPU
		{3E1FB02A-2C47-41AC-913E-3AC6AA0B8E66}.Release R19|Any CPU.Build.0 = Release R19|Any CPU
		{3E1FB02A-2C47-41AC-913E-3AC6AA0B8E66}.Release R20|Any CPU.ActiveCfg = Release R20|Any CPU
		{3E1FB02A-2C47-41AC-913E-3AC6AA0B8E66}.Release R20|Any CPU.Build.0 = Release R20|Any CPU
		{3E1FB02A-2C47-41AC-913E-3AC6AA0B8E66}.Release R21|Any CPU.ActiveCfg = Release R21|Any CPU
		{3E1FB02A-2C47-41AC-913E-3AC6AA0B8E66}.Release R21|Any CPU.Build.0 = Release R21|Any CPU
		{3E1FB02A-2C47-41AC-913E-3AC6AA0B8E66}.Release R22|Any CPU.ActiveCfg = Release R22|Any CPU
		{3E1FB02A-2C47-41AC-913E-3AC6AA0B8E66}.Release R22|Any CPU.Build.0 = Release R22|Any CPU
		{3E1FB02A-2C47-41AC-913E-3AC6AA0B8E66}.Release R23|Any CPU.ActiveCfg = Release R23|Any CPU
		{3E1FB02A-2C47-41AC-913E-3AC6AA0B8E66}.Release R23|Any CPU.Build.0 = Release R23|Any CPU
		{3E1FB02A-2C47-41AC-913E-3AC6AA0B8E66}.Release R24|Any CPU.ActiveCfg = Release R24|Any CPU
		{3E1FB02A-2C47-41AC-913E-3AC6AA0B8E66}.Release R24|Any CPU.Build.0 = Release R24|Any CPU
		{853F2BE5-9F09-4347-99BA-2C3A906C65F2}.Debug R19|Any CPU.ActiveCfg = Debug R19|Any CPU
		{853F2BE5-9F09-4347-99BA-2C3A906C65F2}.Debug R19|Any CPU.Build.0 = Debug R19|Any CPU
		{853F2BE5-9F09-4347-99BA-2C3A906C65F2}.Debug R20|Any CPU.ActiveCfg = Debug R20|Any CPU
		{853F2BE5-9F09-4347-99BA-2C3A906C65F2}.Debug R20|Any CPU.Build.0 = Debug R20|Any CPU
		{853F2BE5-9F09-4347-99BA-2C3A906C65F2}.Debug R21|Any CPU.ActiveCfg = Debug R21|Any CPU
		{853F2BE5-9F09-4347-99BA-2C3A906C65F2}.Debug R21|Any CPU.Build.0 = Debug R21|Any CPU
		{853F2BE5-9F09-4347-99BA-2C3A906C65F2}.Debug R22|Any CPU.ActiveCfg = Debug R22|Any CPU
		{853F2BE5-9F09-4347-99BA-2C3A906C65F2}.Debug R22|Any CPU.Build.0 = Debug R22|Any CPU
		{853F2BE5-9F09-4347-99BA-2C3A906C65F2}.Debug R23|Any CPU.ActiveCfg = Debug R23|Any CPU
		{853F2BE5-9F09-4347-99BA-2C3A906C65F2}.Debug R23|Any CPU.Build.0 = Debug R23|Any CPU
		{853F2BE5-9F09-4347-99BA-2C3A906C65F2}.Debug R24|Any CPU.ActiveCfg = Debug R24|Any CPU
		{853F2BE5-9F09-4347-99BA-2C3A906C65F2}.Debug R24|Any CPU.Build.0 = Debug R24|Any CPU
		{853F2BE5-9F09-4347-99BA-2C3A906C65F2}.Release R19|Any CPU.ActiveCfg = Release R19|Any CPU
		{853F2BE5-9F09-4347-99BA-2C3A906C65F2}.Release R19|Any CPU.Build.0 = Release R19|Any CPU
		{853F2BE5-9F09-4347-99BA-2C3A906C65F2}.Release R20|Any CPU.ActiveCfg = Release R20|Any CPU
		{853F2BE5-9F09-4347-99BA-2C3A906C65F2}.Release R20|Any CPU.Build.0 = Release R20|Any CPU
		{853F2BE5-9F09-4347-99BA-2C3A906C65F2}.Release R21|Any CPU.ActiveCfg = Release R21|Any CPU
		{853F2BE5-9F09-4347-99BA-2C3A906C65F2}.Release R21|Any CPU.Build.0 = Release R21|Any CPU
		{853F2BE5-9F09-4347-99BA-2C3A906C65F2}.Release R22|Any CPU.ActiveCfg = Release R22|Any CPU
		{853F2BE5-9F09-4347-99BA-2C3A906C65F2}.Release R22|Any CPU.Build.0 = Release R22|Any CPU
		{853F2BE5-9F09-4347-99BA-2C3A906C65F2}.Release R23|Any CPU.ActiveCfg = Release R23|Any CPU
		{853F2BE5-9F09-4347-99BA-2C3A906C65F2}.Release R23|Any CPU.Build.0 = Release R23|Any CPU
		{853F2BE5-9F09-4347-99BA-2C3A906C65F2}.Release R24|Any CPU.ActiveCfg = Release R24|Any CPU
		{853F2BE5-9F09-4347-99BA-2C3A906C65F2}.Release R24|Any CPU.Build.0 = Release R24|Any CPU
		{D57EC560-47E9-4C8D-B0E6-9EBB99664BEB}.Debug R19|Any CPU.ActiveCfg = Debug R19|Any CPU
		{D57EC560-47E9-4C8D-B0E6-9EBB99664BEB}.Debug R19|Any CPU.Build.0 = Debug R19|Any CPU
		{D57EC560-47E9-4C8D-B0E6-9EBB99664BEB}.Debug R20|Any CPU.ActiveCfg = Debug R20|Any CPU
		{D57EC560-47E9-4C8D-B0E6-9EBB99664BEB}.Debug R20|Any CPU.Build.0 = Debug R20|Any CPU
		{D57EC560-47E9-4C8D-B0E6-9EBB99664BEB}.Debug R21|Any CPU.ActiveCfg = Debug R21|Any CPU
		{D57EC560-47E9-4C8D-B0E6-9EBB99664BEB}.Debug R21|Any CPU.Build.0 = Debug R21|Any CPU
		{D57EC560-47E9-4C8D-B0E6-9EBB99664BEB}.Debug R22|Any CPU.ActiveCfg = Debug R22|Any CPU
		{D57EC560-47E9-4C8D-B0E6-9EBB99664BEB}.Debug R22|Any CPU.Build.0 = Debug R22|Any CPU
		{D57EC560-47E9-4C8D-B0E6-9EBB99664BEB}.Debug R23|Any CPU.ActiveCfg = Debug R23|Any CPU
		{D57EC560-47E9-4C8D-B0E6-9EBB99664BEB}.Debug R23|Any CPU.Build.0 = Debug R23|Any CPU
		{D57EC560-47E9-4C8D-B0E6-9EBB99664BEB}.Debug R24|Any CPU.ActiveCfg = Debug R24|Any CPU
		{D57EC560-47E9-4C8D-B0E6-9EBB99664BEB}.Debug R24|Any CPU.Build.0 = Debug R24|Any CPU
		{D57EC560-47E9-4C8D-B0E6-9EBB99664BEB}.Release R19|Any CPU.ActiveCfg = Release R19|Any CPU
		{D57EC560-47E9-4C8D-B0E6-9EBB99664BEB}.Release R19|Any CPU.Build.0 = Release R19|Any CPU
		{D57EC560-47E9-4C8D-B0E6-9EBB99664BEB}.Release R20|Any CPU.ActiveCfg = Release R20|Any CPU
		{D57EC560-47E9-4C8D-B0E6-9EBB99664BEB}.Release R20|Any CPU.Build.0 = Release R20|Any CPU
		{D57EC560-47E9-4C8D-B0E6-9EBB99664BEB}.Release R21|Any CPU.ActiveCfg = Release R21|Any CPU
		{D57EC560-47E9-4C8D-B0E6-9EBB99664BEB}.Release R21|Any CPU.Build.0 = Release R21|Any CPU
		{D57EC560-47E9-4C8D-B0E6-9EBB99664BEB}.Release R22|Any CPU.ActiveCfg = Release R22|Any CPU
		{D57EC560-47E9-4C8D-B0E6-9EBB99664BEB}.Release R22|Any CPU.Build.0 = Release R22|Any CPU
		{D57EC560-47E9-4C8D-B0E6-9EBB99664BEB}.Release R23|Any CPU.ActiveCfg = Release R23|Any CPU
		{D57EC560-47E9-4C8D-B0E6-9EBB99664BEB}.Release R23|Any CPU.Build.0 = Release R23|Any CPU
		{D57EC560-47E9-4C8D-B0E6-9EBB99664BEB}.Release R24|Any CPU.ActiveCfg = Release R24|Any CPU
		{D57EC560-47E9-4C8D-B0E6-9EBB99664BEB}.Release R24|Any CPU.Build.0 = Release R24|Any CPU
		{4D71565B-1F06-4238-9CD3-F3DCBFAFCA8A}.Debug R19|Any CPU.ActiveCfg = Debug R19|Any CPU
		{4D71565B-1F06-4238-9CD3-F3DCBFAFCA8A}.Debug R19|Any CPU.Build.0 = Debug R19|Any CPU
		{4D71565B-1F06-4238-9CD3-F3DCBFAFCA8A}.Debug R20|Any CPU.ActiveCfg = Debug R20|Any CPU
		{4D71565B-1F06-4238-9CD3-F3DCBFAFCA8A}.Debug R20|Any CPU.Build.0 = Debug R20|Any CPU
		{4D71565B-1F06-4238-9CD3-F3DCBFAFCA8A}.Debug R21|Any CPU.ActiveCfg = Debug R21|Any CPU
		{4D71565B-1F06-4238-9CD3-F3DCBFAFCA8A}.Debug R21|Any CPU.Build.0 = Debug R21|Any CPU
		{4D71565B-1F06-4238-9CD3-F3DCBFAFCA8A}.Debug R22|Any CPU.ActiveCfg = Debug R22|Any CPU
		{4D71565B-1F06-4238-9CD3-F3DCBFAFCA8A}.Debug R22|Any CPU.Build.0 = Debug R22|Any CPU
		{4D71565B-1F06-4238-9CD3-F3DCBFAFCA8A}.Debug R23|Any CPU.ActiveCfg = Debug R23|Any CPU
		{4D71565B-1F06-4238-9CD3-F3DCBFAFCA8A}.Debug R23|Any CPU.Build.0 = Debug R23|Any CPU
		{4D71565B-1F06-4238-9CD3-F3DCBFAFCA8A}.Debug R24|Any CPU.ActiveCfg = Debug R24|Any CPU
		{4D71565B-1F06-4238-9CD3-F3DCBFAFCA8A}.Debug R24|Any CPU.Build.0 = Debug R24|Any CPU
		{4D71565B-1F06-4238-9CD3-F3DCBFAFCA8A}.Release R19|Any CPU.ActiveCfg = Release R19|Any CPU
		{4D71565B-1F06-4238-9CD3-F3DCBFAFCA8A}.Release R19|Any CPU.Build.0 = Release R19|Any CPU
		{4D71565B-1F06-4238-9CD3-F3DCBFAFCA8A}.Release R20|Any CPU.ActiveCfg = Release R20|Any CPU
		{4D71565B-1F06-4238-9CD3-F3DCBFAFCA8A}.Release R20|Any CPU.Build.0 = Release R20|Any CPU
		{4D71565B-1F06-4238-9CD3-F3DCBFAFCA8A}.Release R21|Any CPU.ActiveCfg = Release R21|Any CPU
		{4D71565B-1F06-4238-9CD3-F3DCBFAFCA8A}.Release R21|Any CPU.Build.0 = Release R21|Any CPU
		{4D71565B-1F06-4238-9CD3-F3DCBFAFCA8A}.Release R22|Any CPU.ActiveCfg = Release R22|Any CPU
		{4D71565B-1F06-4238-9CD3-F3DCBFAFCA8A}.Release R22|Any CPU.Build.0 = Release R22|Any CPU
		{4D71565B-1F06-4238-9CD3-F3DCBFAFCA8A}.Release R23|Any CPU.ActiveCfg = Release R23|Any CPU
		{4D71565B-1F06-4238-9CD3-F3DCBFAFCA8A}.Release R23|Any CPU.Build.0 = Release R23|Any CPU
		{4D71565B-1F06-4238-9CD3-F3DCBFAFCA8A}.Release R24|Any CPU.ActiveCfg = Release R24|Any CPU
		{4D71565B-1F06-4238-9CD3-F3DCBFAFCA8A}.Release R24|Any CPU.Build.0 = Release R24|Any CPU
		{43AB71FE-ABFE-4135-8915-DB9DFDB52961}.Debug R19|Any CPU.ActiveCfg = Debug R19|Any CPU
		{43AB71FE-ABFE-4135-8915-DB9DFDB52961}.Debug R19|Any CPU.Build.0 = Debug R19|Any CPU
		{43AB71FE-ABFE-4135-8915-DB9DFDB52961}.Debug R20|Any CPU.ActiveCfg = Debug R20|Any CPU
		{43AB71FE-ABFE-4135-8915-DB9DFDB52961}.Debug R20|Any CPU.Build.0 = Debug R20|Any CPU
		{43AB71FE-ABFE-4135-8915-DB9DFDB52961}.Debug R21|Any CPU.ActiveCfg = Debug R21|Any CPU
		{43AB71FE-ABFE-4135-8915-DB9DFDB52961}.Debug R21|Any CPU.Build.0 = Debug R21|Any CPU
		{43AB71FE-ABFE-4135-8915-DB9DFDB52961}.Debug R22|Any CPU.ActiveCfg = Debug R22|Any CPU
		{43AB71FE-ABFE-4135-8915-DB9DFDB52961}.Debug R22|Any CPU.Build.0 = Debug R22|Any CPU
		{43AB71FE-ABFE-4135-8915-DB9DFDB52961}.Debug R23|Any CPU.ActiveCfg = Debug R23|Any CPU
		{43AB71FE-ABFE-4135-8915-DB9DFDB52961}.Debug R23|Any CPU.Build.0 = Debug R23|Any CPU
		{43AB71FE-ABFE-4135-8915-DB9DFDB52961}.Debug R24|Any CPU.ActiveCfg = Debug R24|Any CPU
		{43AB71FE-ABFE-4135-8915-DB9DFDB52961}.Debug R24|Any CPU.Build.0 = Debug R24|Any CPU
		{43AB71FE-ABFE-4135-8915-DB9DFDB52961}.Release R19|Any CPU.ActiveCfg = Release R19|Any CPU
		{43AB71FE-ABFE-4135-8915-DB9DFDB52961}.Release R19|Any CPU.Build.0 = Release R19|Any CPU
		{43AB71FE-ABFE-4135-8915-DB9DFDB52961}.Release R20|Any CPU.ActiveCfg = Release R20|Any CPU
		{43AB71FE-ABFE-4135-8915-DB9DFDB52961}.Release R20|Any CPU.Build.0 = Release R20|Any CPU
		{43AB71FE-ABFE-4135-8915-DB9DFDB52961}.Release R21|Any CPU.ActiveCfg = Release R21|Any CPU
		{43AB71FE-ABFE-4135-8915-DB9DFDB52961}.Release R21|Any CPU.Build.0 = Release R21|Any CPU
		{43AB71FE-ABFE-4135-8915-DB9DFDB52961}.Release R22|Any CPU.ActiveCfg = Release R22|Any CPU
		{43AB71FE-ABFE-4135-8915-DB9DFDB52961}.Release R22|Any CPU.Build.0 = Release R22|Any CPU
		{43AB71FE-ABFE-4135-8915-DB9DFDB52961}.Release R23|Any CPU.ActiveCfg = Release R23|Any CPU
		{43AB71FE-ABFE-4135-8915-DB9DFDB52961}.Release R23|Any CPU.Build.0 = Release R23|Any CPU
		{43AB71FE-ABFE-4135-8915-DB9DFDB52961}.Release R24|Any CPU.ActiveCfg = Release R24|Any CPU
		{43AB71FE-ABFE-4135-8915-DB9DFDB52961}.Release R24|Any CPU.Build.0 = Release R24|Any CPU
	EndGlobalSection
	GlobalSection(SolutionProperties) = preSolution
		HideSolutionNode = FALSE
	EndGlobalSection
EndGlobal
